
Microsoft Visual Studio Solution File, Format Version 12.00
# Visual Studio Version 16
VisualStudioVersion = 16.0.30907.101
MinimumVisualStudioVersion = 10.0.40219.1
Project("{9A19103F-16F7-4668-BE54-9A1E7A4F7556}") = "DataAccess", "DataAccess\DataAccess.csproj", "{6DD572A4-6799-4711-80A8-84FA81CB9D85}"
EndProject
Project("{9A19103F-16F7-4668-BE54-9A1E7A4F7556}") = "Business", "Business\Business.csproj", "{613DCB96-F25C-43DB-8C13-2934ED52198C}"
EndProject
Project("{9A19103F-16F7-4668-BE54-9A1E7A4F7556}") = "Entities", "Entities\Entities.csproj", "{6255EF4B-4D3F-4D96-98C8-F730B6A2B042}"
EndProject
Project("{9A19103F-16F7-4668-BE54-9A1E7A4F7556}") = "ConsoleUI", "ConsoleUI\ConsoleUI.csproj", "{1B674331-9118-474B-A4C8-166FE258657B}"
EndProject
Project("{9A19103F-16F7-4668-BE54-9A1E7A4F7556}") = "Core", "Core\Core.csproj", "{66A7630B-3F1B-4161-AEBD-AF38A3A1FDF9}"
EndProject
Project("{FAE04EC0-301F-11D3-BF4B-00C04F79EFBC}") = "WebAPI", "WebAPI\WebAPI.csproj", "{A9C524FF-1E3C-4B79-9030-011E392A74BD}"
EndProject
Global
	GlobalSection(SolutionConfigurationPlatforms) = preSolution
		Debug|Any CPU = Debug|Any CPU
		Release|Any CPU = Release|Any CPU
	EndGlobalSection
	GlobalSection(ProjectConfigurationPlatforms) = postSolution
		{6DD572A4-6799-4711-80A8-84FA81CB9D85}.Debug|Any CPU.ActiveCfg = Debug|Any CPU
		{6DD572A4-6799-4711-80A8-84FA81CB9D85}.Debug|Any CPU.Build.0 = Debug|Any CPU
		{6DD572A4-6799-4711-80A8-84FA81CB9D85}.Release|Any CPU.ActiveCfg = Release|Any CPU
		{6DD572A4-6799-4711-80A8-84FA81CB9D85}.Release|Any CPU.Build.0 = Release|Any CPU
		{613DCB96-F25C-43DB-8C13-2934ED52198C}.Debug|Any CPU.ActiveCfg = Debug|Any CPU
		{613DCB96-F25C-43DB-8C13-2934ED52198C}.Debug|Any CPU.Build.0 = Debug|Any CPU
		{613DCB96-F25C-43DB-8C13-2934ED52198C}.Release|Any CPU.ActiveCfg = Release|Any CPU
		{613DCB96-F25C-43DB-8C13-2934ED52198C}.Release|Any CPU.Build.0 = Release|Any CPU
		{6255EF4B-4D3F-4D96-98C8-F730B6A2B042}.Debug|Any CPU.ActiveCfg = Debug|Any CPU
		{6255EF4B-4D3F-4D96-98C8-F730B6A2B042}.Debug|Any CPU.Build.0 = Debug|Any CPU
		{6255EF4B-4D3F-4D96-98C8-F730B6A2B042}.Release|Any CPU.ActiveCfg = Release|Any CPU
		{6255EF4B-4D3F-4D96-98C8-F730B6A2B042}.Release|Any CPU.Build.0 = Release|Any CPU
		{1B674331-9118-474B-A4C8-166FE258657B}.Debug|Any CPU.ActiveCfg = Debug|Any CPU
		{1B674331-9118-474B-A4C8-166FE258657B}.Debug|Any CPU.Build.0 = Debug|Any CPU
		{1B674331-9118-474B-A4C8-166FE258657B}.Release|Any CPU.ActiveCfg = Release|Any CPU
		{1B674331-9118-474B-A4C8-166FE258657B}.Release|Any CPU.Build.0 = Release|Any CPU
		{66A7630B-3F1B-4161-AEBD-AF38A3A1FDF9}.Debug|Any CPU.ActiveCfg = Debug|Any CPU
		{66A7630B-3F1B-4161-AEBD-AF38A3A1FDF9}.Debug|Any CPU.Build.0 = Debug|Any CPU
		{66A7630B-3F1B-4161-AEBD-AF38A3A1FDF9}.Release|Any CPU.ActiveCfg = Release|Any CPU
		{66A7630B-3F1B-4161-AEBD-AF38A3A1FDF9}.Release|Any CPU.Build.0 = Release|Any CPU
		{A9C524FF-1E3C-4B79-9030-011E392A74BD}.Debug|Any CPU.ActiveCfg = Debug|Any CPU
		{A9C524FF-1E3C-4B79-9030-011E392A74BD}.Debug|Any CPU.Build.0 = Debug|Any CPU
		{A9C524FF-1E3C-4B79-9030-011E392A74BD}.Release|Any CPU.ActiveCfg = Release|Any CPU
		{A9C524FF-1E3C-4B79-9030-011E392A74BD}.Release|Any CPU.Build.0 = Release|Any CPU
	EndGlobalSection
	GlobalSection(SolutionProperties) = preSolution
		HideSolutionNode = FALSE
	EndGlobalSection
	GlobalSection(ExtensibilityGlobals) = postSolution
		SolutionGuid = {18C77DCC-EC33-478F-B614-5B4C245D1E63}
	EndGlobalSection
EndGlobal
